
Microsoft Visual Studio Solution File, Format Version 12.00
# Visual Studio Version 17
VisualStudioVersion = 17.11.35303.130
MinimumVisualStudioVersion = 10.0.40219.1
Project("{FAE04EC0-301F-11D3-BF4B-00C04F79EFBC}") = "Tests", "Tests\Tests.csproj", "{F89812A7-89BE-4EBC-B114-F8F8DB2C56A2}"
EndProject
Project("{FAE04EC0-301F-11D3-BF4B-00C04F79EFBC}") = "BLZR", "BLZR\BLZR.csproj", "{38D58DD1-6423-4F91-A330-44F82617344F}"
EndProject
Project("{FAE04EC0-301F-11D3-BF4B-00C04F79EFBC}") = "ProductApi", "ProductApi\ProductApi.csproj", "{43F1D49F-EE2A-4629-B27C-B8E6DDAD1E1B}"
EndProject
Global
	GlobalSection(SolutionConfigurationPlatforms) = preSolution
		Debug|Any CPU = Debug|Any CPU
		Release|Any CPU = Release|Any CPU
	EndGlobalSection
	GlobalSection(ProjectConfigurationPlatforms) = postSolution
		{F89812A7-89BE-4EBC-B114-F8F8DB2C56A2}.Debug|Any CPU.ActiveCfg = Debug|Any CPU
		{F89812A7-89BE-4EBC-B114-F8F8DB2C56A2}.Debug|Any CPU.Build.0 = Debug|Any CPU
		{F89812A7-89BE-4EBC-B114-F8F8DB2C56A2}.Release|Any CPU.ActiveCfg = Release|Any CPU
		{F89812A7-89BE-4EBC-B114-F8F8DB2C56A2}.Release|Any CPU.Build.0 = Release|Any CPU
		{38D58DD1-6423-4F91-A330-44F82617344F}.Debug|Any CPU.ActiveCfg = Debug|Any CPU
		{38D58DD1-6423-4F91-A330-44F82617344F}.Debug|Any CPU.Build.0 = Debug|Any CPU
		{38D58DD1-6423-4F91-A330-44F82617344F}.Release|Any CPU.ActiveCfg = Release|Any CPU
		{38D58DD1-6423-4F91-A330-44F82617344F}.Release|Any CPU.Build.0 = Release|Any CPU
		{43F1D49F-EE2A-4629-B27C-B8E6DDAD1E1B}.Debug|Any CPU.ActiveCfg = Debug|Any CPU
		{43F1D49F-EE2A-4629-B27C-B8E6DDAD1E1B}.Debug|Any CPU.Build.0 = Debug|Any CPU
		{43F1D49F-EE2A-4629-B27C-B8E6DDAD1E1B}.Release|Any CPU.ActiveCfg = Release|Any CPU
		{43F1D49F-EE2A-4629-B27C-B8E6DDAD1E1B}.Release|Any CPU.Build.0 = Release|Any CPU
	EndGlobalSection
	GlobalSection(SolutionProperties) = preSolution
		HideSolutionNode = FALSE
	EndGlobalSection
	GlobalSection(ExtensibilityGlobals) = postSolution
		SolutionGuid = {D6D81201-0FCE-4E20-BC5F-1FAA0165E01B}
	EndGlobalSection
EndGlobal
